// !$*UTF8*$!
{
	archiveVersion = 1;
	classes = {
	};
	objectVersion = 46;
	objects = {

/* Begin PBXBuildFile section */
		258F2F7FAE10D0A470F913DC /* libPods-ObjCTraining.a in Frameworks */ = {isa = PBXBuildFile; fileRef = 0032271DD2E39666163B6AC7 /* libPods-ObjCTraining.a */; };
		A34FED5E1CAA5AD70012FD7D /* NSString+CheckInput.m in Sources */ = {isa = PBXBuildFile; fileRef = A34FED5D1CAA5AD70012FD7D /* NSString+CheckInput.m */; };
		A36C1C4E1CAD2CE500F057B9 /* StepProgressBar.m in Sources */ = {isa = PBXBuildFile; fileRef = A36C1C4D1CAD2CE500F057B9 /* StepProgressBar.m */; };
		A36C1C531CAD5DC300F057B9 /* NotificationsViewController.m in Sources */ = {isa = PBXBuildFile; fileRef = A36C1C521CAD5DC300F057B9 /* NotificationsViewController.m */; };
		A36DED4A1CAE515C00A7CDC2 /* UIImageView+DrawShape.m in Sources */ = {isa = PBXBuildFile; fileRef = A36DED491CAE515C00A7CDC2 /* UIImageView+DrawShape.m */; };
		A370506C1CAC0A0600D4DE80 /* ContactUsViewController.m in Sources */ = {isa = PBXBuildFile; fileRef = A370506B1CAC0A0600D4DE80 /* ContactUsViewController.m */; };
		A3A56BDB1CB2A0A500AAE832 /* ActivityFeedViewController.m in Sources */ = {isa = PBXBuildFile; fileRef = A3A56BDA1CB2A0A500AAE832 /* ActivityFeedViewController.m */; };
		A3A56BDD1CB2A6E700AAE832 /* ActivityFeedsDataSource.json in Resources */ = {isa = PBXBuildFile; fileRef = A3A56BDC1CB2A6E700AAE832 /* ActivityFeedsDataSource.json */; };
		CE4A94681CB7EE100086D75C /* ContactDetailsViewController.m in Sources */ = {isa = PBXBuildFile; fileRef = CE4A94671CB7EE100086D75C /* ContactDetailsViewController.m */; };
		CE4A946A1CB7F08F0086D75C /* OpenSans-Regular.ttf in Resources */ = {isa = PBXBuildFile; fileRef = CE4A94691CB7F08F0086D75C /* OpenSans-Regular.ttf */; };
		CE4A946F1CBB91850086D75C /* UIColor+LCAdditions.m in Sources */ = {isa = PBXBuildFile; fileRef = CE4A946C1CBB91850086D75C /* UIColor+LCAdditions.m */; };
		CE4A94701CBB91850086D75C /* UIFont+LCAdditions.m in Sources */ = {isa = PBXBuildFile; fileRef = CE4A946E1CBB91850086D75C /* UIFont+LCAdditions.m */; };
		CE4A94741CBB9BD40086D75C /* ContactListTableViewCell.m in Sources */ = {isa = PBXBuildFile; fileRef = CE4A94721CBB9BD40086D75C /* ContactListTableViewCell.m */; };
		CE4A94751CBB9BD40086D75C /* ContactListTableViewCell.xib in Resources */ = {isa = PBXBuildFile; fileRef = CE4A94731CBB9BD40086D75C /* ContactListTableViewCell.xib */; };
		CE4A94781CBBA9E80086D75C /* ContactItem.m in Sources */ = {isa = PBXBuildFile; fileRef = CE4A94771CBBA9E80086D75C /* ContactItem.m */; };
		CE4A947C1CBBABF80086D75C /* ContactListTableViewCell+ConfigureForContactInfo.m in Sources */ = {isa = PBXBuildFile; fileRef = CE4A947B1CBBABF80086D75C /* ContactListTableViewCell+ConfigureForContactInfo.m */; };
		CE4A947F1CBBB4B80086D75C /* ContactListViewController.m in Sources */ = {isa = PBXBuildFile; fileRef = CE4A947E1CBBB4B80086D75C /* ContactListViewController.m */; };
		CE4A94841CBD3A2B0086D75C /* OpenSans-Semibold.ttf in Resources */ = {isa = PBXBuildFile; fileRef = CE4A94831CBD3A2B0086D75C /* OpenSans-Semibold.ttf */; };
		CE557E481CA5894100A5614B /* AddPropertyInfoViewController.m in Sources */ = {isa = PBXBuildFile; fileRef = CE557E471CA5894100A5614B /* AddPropertyInfoViewController.m */; };
		CE704DA61CA2824600098DE5 /* main.m in Sources */ = {isa = PBXBuildFile; fileRef = CE704DA51CA2824600098DE5 /* main.m */; };
		CE704DA91CA2824600098DE5 /* AppDelegate.m in Sources */ = {isa = PBXBuildFile; fileRef = CE704DA81CA2824600098DE5 /* AppDelegate.m */; };
		CE704DAC1CA2824600098DE5 /* AddPropertyViewController.m in Sources */ = {isa = PBXBuildFile; fileRef = CE704DAB1CA2824600098DE5 /* AddPropertyViewController.m */; };
		CE704DAF1CA2824600098DE5 /* SecondViewController.m in Sources */ = {isa = PBXBuildFile; fileRef = CE704DAE1CA2824600098DE5 /* SecondViewController.m */; };
		CE704DB21CA2824600098DE5 /* Main.storyboard in Resources */ = {isa = PBXBuildFile; fileRef = CE704DB01CA2824600098DE5 /* Main.storyboard */; };
		CE704DB41CA2824600098DE5 /* Assets.xcassets in Resources */ = {isa = PBXBuildFile; fileRef = CE704DB31CA2824600098DE5 /* Assets.xcassets */; };
		CE704DB71CA2824600098DE5 /* LaunchScreen.storyboard in Resources */ = {isa = PBXBuildFile; fileRef = CE704DB51CA2824600098DE5 /* LaunchScreen.storyboard */; };
		CE704DC21CA2824700098DE5 /* ObjCTrainingTests.m in Sources */ = {isa = PBXBuildFile; fileRef = CE704DC11CA2824700098DE5 /* ObjCTrainingTests.m */; };
		CE704DCD1CA2824700098DE5 /* ObjCTrainingUITests.m in Sources */ = {isa = PBXBuildFile; fileRef = CE704DCC1CA2824700098DE5 /* ObjCTrainingUITests.m */; };
		CE704DDF1CA2A97A00098DE5 /* PropertyTableViewCell.m in Sources */ = {isa = PBXBuildFile; fileRef = CE704DDD1CA2A97A00098DE5 /* PropertyTableViewCell.m */; };
		CE704DE01CA2A97A00098DE5 /* PropertyTableViewCell.xib in Resources */ = {isa = PBXBuildFile; fileRef = CE704DDE1CA2A97A00098DE5 /* PropertyTableViewCell.xib */; };
		CE704DE61CA2C90200098DE5 /* HouseTypeDescription.m in Sources */ = {isa = PBXBuildFile; fileRef = CE704DE51CA2C90200098DE5 /* HouseTypeDescription.m */; };
		CE704DED1CA4030500098DE5 /* PropertyTableViewCell+ConfigureForProperty.m in Sources */ = {isa = PBXBuildFile; fileRef = CE704DEC1CA4030500098DE5 /* PropertyTableViewCell+ConfigureForProperty.m */; };
		CEECE8FF1CB27494005607EA /* LCFeed.m in Sources */ = {isa = PBXBuildFile; fileRef = CEECE8FE1CB27494005607EA /* LCFeed.m */; };
		CEECE9051CB279C0005607EA /* ActivityFeedTableViewCell.m in Sources */ = {isa = PBXBuildFile; fileRef = CEECE9031CB279C0005607EA /* ActivityFeedTableViewCell.m */; };
		CEECE9061CB279C0005607EA /* ActivityFeedTableViewCell.xib in Resources */ = {isa = PBXBuildFile; fileRef = CEECE9041CB279C0005607EA /* ActivityFeedTableViewCell.xib */; };
		CEECE9091CB2849C005607EA /* ActivityFeedTableViewCell+ConfigureForFeed.m in Sources */ = {isa = PBXBuildFile; fileRef = CEECE9081CB2849C005607EA /* ActivityFeedTableViewCell+ConfigureForFeed.m */; };
/* End PBXBuildFile section */

/* Begin PBXContainerItemProxy section */
		CE704DBE1CA2824700098DE5 /* PBXContainerItemProxy */ = {
			isa = PBXContainerItemProxy;
			containerPortal = CE704D991CA2824500098DE5 /* Project object */;
			proxyType = 1;
			remoteGlobalIDString = CE704DA01CA2824500098DE5;
			remoteInfo = ObjCTraining;
		};
		CE704DC91CA2824700098DE5 /* PBXContainerItemProxy */ = {
			isa = PBXContainerItemProxy;
			containerPortal = CE704D991CA2824500098DE5 /* Project object */;
			proxyType = 1;
			remoteGlobalIDString = CE704DA01CA2824500098DE5;
			remoteInfo = ObjCTraining;
		};
/* End PBXContainerItemProxy section */

/* Begin PBXFileReference section */
		0032271DD2E39666163B6AC7 /* libPods-ObjCTraining.a */ = {isa = PBXFileReference; explicitFileType = archive.ar; includeInIndex = 0; path = "libPods-ObjCTraining.a"; sourceTree = BUILT_PRODUCTS_DIR; };
		A34FED5C1CAA5AD70012FD7D /* NSString+CheckInput.h */ = {isa = PBXFileReference; fileEncoding = 4; lastKnownFileType = sourcecode.c.h; path = "NSString+CheckInput.h"; sourceTree = "<group>"; };
		A34FED5D1CAA5AD70012FD7D /* NSString+CheckInput.m */ = {isa = PBXFileReference; fileEncoding = 4; lastKnownFileType = sourcecode.c.objc; path = "NSString+CheckInput.m"; sourceTree = "<group>"; };
		A36C1C4C1CAD2CE500F057B9 /* StepProgressBar.h */ = {isa = PBXFileReference; fileEncoding = 4; lastKnownFileType = sourcecode.c.h; path = StepProgressBar.h; sourceTree = "<group>"; };
		A36C1C4D1CAD2CE500F057B9 /* StepProgressBar.m */ = {isa = PBXFileReference; fileEncoding = 4; lastKnownFileType = sourcecode.c.objc; path = StepProgressBar.m; sourceTree = "<group>"; };
		A36C1C511CAD5DC300F057B9 /* NotificationsViewController.h */ = {isa = PBXFileReference; fileEncoding = 4; lastKnownFileType = sourcecode.c.h; path = NotificationsViewController.h; sourceTree = "<group>"; };
		A36C1C521CAD5DC300F057B9 /* NotificationsViewController.m */ = {isa = PBXFileReference; fileEncoding = 4; lastKnownFileType = sourcecode.c.objc; path = NotificationsViewController.m; sourceTree = "<group>"; };
		A36DED481CAE515C00A7CDC2 /* UIImageView+DrawShape.h */ = {isa = PBXFileReference; fileEncoding = 4; lastKnownFileType = sourcecode.c.h; path = "UIImageView+DrawShape.h"; sourceTree = "<group>"; };
		A36DED491CAE515C00A7CDC2 /* UIImageView+DrawShape.m */ = {isa = PBXFileReference; fileEncoding = 4; lastKnownFileType = sourcecode.c.objc; path = "UIImageView+DrawShape.m"; sourceTree = "<group>"; };
		A370506A1CAC0A0600D4DE80 /* ContactUsViewController.h */ = {isa = PBXFileReference; fileEncoding = 4; lastKnownFileType = sourcecode.c.h; path = ContactUsViewController.h; sourceTree = "<group>"; };
		A370506B1CAC0A0600D4DE80 /* ContactUsViewController.m */ = {isa = PBXFileReference; fileEncoding = 4; lastKnownFileType = sourcecode.c.objc; path = ContactUsViewController.m; sourceTree = "<group>"; };
		A3A56BD91CB2A0A500AAE832 /* ActivityFeedViewController.h */ = {isa = PBXFileReference; fileEncoding = 4; lastKnownFileType = sourcecode.c.h; path = ActivityFeedViewController.h; sourceTree = "<group>"; };
		A3A56BDA1CB2A0A500AAE832 /* ActivityFeedViewController.m */ = {isa = PBXFileReference; fileEncoding = 4; lastKnownFileType = sourcecode.c.objc; path = ActivityFeedViewController.m; sourceTree = "<group>"; };
		A3A56BDC1CB2A6E700AAE832 /* ActivityFeedsDataSource.json */ = {isa = PBXFileReference; fileEncoding = 4; lastKnownFileType = text.json; path = ActivityFeedsDataSource.json; sourceTree = "<group>"; };
		C935AEFB1D71811AE185E9FC /* Pods-ObjCTraining.release.xcconfig */ = {isa = PBXFileReference; includeInIndex = 1; lastKnownFileType = text.xcconfig; name = "Pods-ObjCTraining.release.xcconfig"; path = "Pods/Target Support Files/Pods-ObjCTraining/Pods-ObjCTraining.release.xcconfig"; sourceTree = "<group>"; };
		CE4A94661CB7EE100086D75C /* ContactDetailsViewController.h */ = {isa = PBXFileReference; fileEncoding = 4; lastKnownFileType = sourcecode.c.h; path = ContactDetailsViewController.h; sourceTree = "<group>"; };
		CE4A94671CB7EE100086D75C /* ContactDetailsViewController.m */ = {isa = PBXFileReference; fileEncoding = 4; lastKnownFileType = sourcecode.c.objc; path = ContactDetailsViewController.m; sourceTree = "<group>"; };
		CE4A94691CB7F08F0086D75C /* OpenSans-Regular.ttf */ = {isa = PBXFileReference; lastKnownFileType = file; path = "OpenSans-Regular.ttf"; sourceTree = "<group>"; };
		CE4A946B1CBB91850086D75C /* UIColor+LCAdditions.h */ = {isa = PBXFileReference; fileEncoding = 4; lastKnownFileType = sourcecode.c.h; path = "UIColor+LCAdditions.h"; sourceTree = "<group>"; };
		CE4A946C1CBB91850086D75C /* UIColor+LCAdditions.m */ = {isa = PBXFileReference; fileEncoding = 4; lastKnownFileType = sourcecode.c.objc; path = "UIColor+LCAdditions.m"; sourceTree = "<group>"; };
		CE4A946D1CBB91850086D75C /* UIFont+LCAdditions.h */ = {isa = PBXFileReference; fileEncoding = 4; lastKnownFileType = sourcecode.c.h; path = "UIFont+LCAdditions.h"; sourceTree = "<group>"; };
		CE4A946E1CBB91850086D75C /* UIFont+LCAdditions.m */ = {isa = PBXFileReference; fileEncoding = 4; lastKnownFileType = sourcecode.c.objc; path = "UIFont+LCAdditions.m"; sourceTree = "<group>"; };
		CE4A94711CBB9BD40086D75C /* ContactListTableViewCell.h */ = {isa = PBXFileReference; fileEncoding = 4; lastKnownFileType = sourcecode.c.h; path = ContactListTableViewCell.h; sourceTree = "<group>"; };
		CE4A94721CBB9BD40086D75C /* ContactListTableViewCell.m */ = {isa = PBXFileReference; fileEncoding = 4; lastKnownFileType = sourcecode.c.objc; path = ContactListTableViewCell.m; sourceTree = "<group>"; };
		CE4A94731CBB9BD40086D75C /* ContactListTableViewCell.xib */ = {isa = PBXFileReference; fileEncoding = 4; lastKnownFileType = file.xib; path = ContactListTableViewCell.xib; sourceTree = "<group>"; };
		CE4A94761CBBA9E80086D75C /* ContactItem.h */ = {isa = PBXFileReference; fileEncoding = 4; lastKnownFileType = sourcecode.c.h; path = ContactItem.h; sourceTree = "<group>"; };
		CE4A94771CBBA9E80086D75C /* ContactItem.m */ = {isa = PBXFileReference; fileEncoding = 4; lastKnownFileType = sourcecode.c.objc; path = ContactItem.m; sourceTree = "<group>"; };
		CE4A94791CBBAB270086D75C /* ContactInfo.h */ = {isa = PBXFileReference; fileEncoding = 4; lastKnownFileType = sourcecode.c.h; path = ContactInfo.h; sourceTree = "<group>"; };
		CE4A947A1CBBABF80086D75C /* ContactListTableViewCell+ConfigureForContactInfo.h */ = {isa = PBXFileReference; fileEncoding = 4; lastKnownFileType = sourcecode.c.h; path = "ContactListTableViewCell+ConfigureForContactInfo.h"; sourceTree = "<group>"; };
		CE4A947B1CBBABF80086D75C /* ContactListTableViewCell+ConfigureForContactInfo.m */ = {isa = PBXFileReference; fileEncoding = 4; lastKnownFileType = sourcecode.c.objc; path = "ContactListTableViewCell+ConfigureForContactInfo.m"; sourceTree = "<group>"; };
		CE4A947D1CBBB4B80086D75C /* ContactListViewController.h */ = {isa = PBXFileReference; fileEncoding = 4; lastKnownFileType = sourcecode.c.h; path = ContactListViewController.h; sourceTree = "<group>"; };
		CE4A947E1CBBB4B80086D75C /* ContactListViewController.m */ = {isa = PBXFileReference; fileEncoding = 4; lastKnownFileType = sourcecode.c.objc; path = ContactListViewController.m; sourceTree = "<group>"; };
		CE4A94831CBD3A2B0086D75C /* OpenSans-Semibold.ttf */ = {isa = PBXFileReference; lastKnownFileType = file; path = "OpenSans-Semibold.ttf"; sourceTree = "<group>"; };
		CE557E461CA5894100A5614B /* AddPropertyInfoViewController.h */ = {isa = PBXFileReference; fileEncoding = 4; lastKnownFileType = sourcecode.c.h; path = AddPropertyInfoViewController.h; sourceTree = "<group>"; };
		CE557E471CA5894100A5614B /* AddPropertyInfoViewController.m */ = {isa = PBXFileReference; fileEncoding = 4; lastKnownFileType = sourcecode.c.objc; path = AddPropertyInfoViewController.m; sourceTree = "<group>"; };
		CE704DA11CA2824600098DE5 /* ObjCTraining.app */ = {isa = PBXFileReference; explicitFileType = wrapper.application; includeInIndex = 0; path = ObjCTraining.app; sourceTree = BUILT_PRODUCTS_DIR; };
		CE704DA51CA2824600098DE5 /* main.m */ = {isa = PBXFileReference; lastKnownFileType = sourcecode.c.objc; path = main.m; sourceTree = "<group>"; };
		CE704DA71CA2824600098DE5 /* AppDelegate.h */ = {isa = PBXFileReference; lastKnownFileType = sourcecode.c.h; path = AppDelegate.h; sourceTree = "<group>"; };
		CE704DA81CA2824600098DE5 /* AppDelegate.m */ = {isa = PBXFileReference; lastKnownFileType = sourcecode.c.objc; path = AppDelegate.m; sourceTree = "<group>"; };
		CE704DAA1CA2824600098DE5 /* AddPropertyViewController.h */ = {isa = PBXFileReference; lastKnownFileType = sourcecode.c.h; path = AddPropertyViewController.h; sourceTree = "<group>"; };
		CE704DAB1CA2824600098DE5 /* AddPropertyViewController.m */ = {isa = PBXFileReference; lastKnownFileType = sourcecode.c.objc; path = AddPropertyViewController.m; sourceTree = "<group>"; };
		CE704DAD1CA2824600098DE5 /* SecondViewController.h */ = {isa = PBXFileReference; lastKnownFileType = sourcecode.c.h; path = SecondViewController.h; sourceTree = "<group>"; };
		CE704DAE1CA2824600098DE5 /* SecondViewController.m */ = {isa = PBXFileReference; lastKnownFileType = sourcecode.c.objc; path = SecondViewController.m; sourceTree = "<group>"; };
		CE704DB11CA2824600098DE5 /* Base */ = {isa = PBXFileReference; lastKnownFileType = file.storyboard; name = Base; path = Base.lproj/Main.storyboard; sourceTree = "<group>"; };
		CE704DB31CA2824600098DE5 /* Assets.xcassets */ = {isa = PBXFileReference; lastKnownFileType = folder.assetcatalog; path = Assets.xcassets; sourceTree = "<group>"; };
		CE704DB61CA2824600098DE5 /* Base */ = {isa = PBXFileReference; lastKnownFileType = file.storyboard; name = Base; path = Base.lproj/LaunchScreen.storyboard; sourceTree = "<group>"; };
		CE704DB81CA2824600098DE5 /* Info.plist */ = {isa = PBXFileReference; lastKnownFileType = text.plist.xml; path = Info.plist; sourceTree = "<group>"; };
		CE704DBD1CA2824700098DE5 /* ObjCTrainingTests.xctest */ = {isa = PBXFileReference; explicitFileType = wrapper.cfbundle; includeInIndex = 0; path = ObjCTrainingTests.xctest; sourceTree = BUILT_PRODUCTS_DIR; };
		CE704DC11CA2824700098DE5 /* ObjCTrainingTests.m */ = {isa = PBXFileReference; lastKnownFileType = sourcecode.c.objc; path = ObjCTrainingTests.m; sourceTree = "<group>"; };
		CE704DC31CA2824700098DE5 /* Info.plist */ = {isa = PBXFileReference; lastKnownFileType = text.plist.xml; path = Info.plist; sourceTree = "<group>"; };
		CE704DC81CA2824700098DE5 /* ObjCTrainingUITests.xctest */ = {isa = PBXFileReference; explicitFileType = wrapper.cfbundle; includeInIndex = 0; path = ObjCTrainingUITests.xctest; sourceTree = BUILT_PRODUCTS_DIR; };
		CE704DCC1CA2824700098DE5 /* ObjCTrainingUITests.m */ = {isa = PBXFileReference; lastKnownFileType = sourcecode.c.objc; path = ObjCTrainingUITests.m; sourceTree = "<group>"; };
		CE704DCE1CA2824700098DE5 /* Info.plist */ = {isa = PBXFileReference; lastKnownFileType = text.plist.xml; path = Info.plist; sourceTree = "<group>"; };
		CE704DDC1CA2A97A00098DE5 /* PropertyTableViewCell.h */ = {isa = PBXFileReference; fileEncoding = 4; lastKnownFileType = sourcecode.c.h; path = PropertyTableViewCell.h; sourceTree = "<group>"; };
		CE704DDD1CA2A97A00098DE5 /* PropertyTableViewCell.m */ = {isa = PBXFileReference; fileEncoding = 4; lastKnownFileType = sourcecode.c.objc; path = PropertyTableViewCell.m; sourceTree = "<group>"; };
		CE704DDE1CA2A97A00098DE5 /* PropertyTableViewCell.xib */ = {isa = PBXFileReference; fileEncoding = 4; lastKnownFileType = file.xib; path = PropertyTableViewCell.xib; sourceTree = "<group>"; };
		CE704DE41CA2C90200098DE5 /* HouseTypeDescription.h */ = {isa = PBXFileReference; fileEncoding = 4; lastKnownFileType = sourcecode.c.h; path = HouseTypeDescription.h; sourceTree = "<group>"; };
		CE704DE51CA2C90200098DE5 /* HouseTypeDescription.m */ = {isa = PBXFileReference; fileEncoding = 4; lastKnownFileType = sourcecode.c.objc; path = HouseTypeDescription.m; sourceTree = "<group>"; };
		CE704DEB1CA4030500098DE5 /* PropertyTableViewCell+ConfigureForProperty.h */ = {isa = PBXFileReference; fileEncoding = 4; lastKnownFileType = sourcecode.c.h; path = "PropertyTableViewCell+ConfigureForProperty.h"; sourceTree = "<group>"; };
		CE704DEC1CA4030500098DE5 /* PropertyTableViewCell+ConfigureForProperty.m */ = {isa = PBXFileReference; fileEncoding = 4; lastKnownFileType = sourcecode.c.objc; path = "PropertyTableViewCell+ConfigureForProperty.m"; sourceTree = "<group>"; };
		CE704DEE1CA406D800098DE5 /* Property.h */ = {isa = PBXFileReference; fileEncoding = 4; lastKnownFileType = sourcecode.c.h; path = Property.h; sourceTree = "<group>"; };
		CEECE8FD1CB27494005607EA /* LCFeed.h */ = {isa = PBXFileReference; fileEncoding = 4; lastKnownFileType = sourcecode.c.h; path = LCFeed.h; sourceTree = "<group>"; };
		CEECE8FE1CB27494005607EA /* LCFeed.m */ = {isa = PBXFileReference; fileEncoding = 4; lastKnownFileType = sourcecode.c.objc; path = LCFeed.m; sourceTree = "<group>"; };
		CEECE9021CB279C0005607EA /* ActivityFeedTableViewCell.h */ = {isa = PBXFileReference; fileEncoding = 4; lastKnownFileType = sourcecode.c.h; path = ActivityFeedTableViewCell.h; sourceTree = "<group>"; };
		CEECE9031CB279C0005607EA /* ActivityFeedTableViewCell.m */ = {isa = PBXFileReference; fileEncoding = 4; lastKnownFileType = sourcecode.c.objc; path = ActivityFeedTableViewCell.m; sourceTree = "<group>"; };
		CEECE9041CB279C0005607EA /* ActivityFeedTableViewCell.xib */ = {isa = PBXFileReference; fileEncoding = 4; lastKnownFileType = file.xib; path = ActivityFeedTableViewCell.xib; sourceTree = "<group>"; };
		CEECE9071CB2849C005607EA /* ActivityFeedTableViewCell+ConfigureForFeed.h */ = {isa = PBXFileReference; fileEncoding = 4; lastKnownFileType = sourcecode.c.h; path = "ActivityFeedTableViewCell+ConfigureForFeed.h"; sourceTree = "<group>"; };
		CEECE9081CB2849C005607EA /* ActivityFeedTableViewCell+ConfigureForFeed.m */ = {isa = PBXFileReference; fileEncoding = 4; lastKnownFileType = sourcecode.c.objc; path = "ActivityFeedTableViewCell+ConfigureForFeed.m"; sourceTree = "<group>"; };
		E7318DDDF6BCAD651D0EDE6B /* Pods-ObjCTraining.debug.xcconfig */ = {isa = PBXFileReference; includeInIndex = 1; lastKnownFileType = text.xcconfig; name = "Pods-ObjCTraining.debug.xcconfig"; path = "Pods/Target Support Files/Pods-ObjCTraining/Pods-ObjCTraining.debug.xcconfig"; sourceTree = "<group>"; };
/* End PBXFileReference section */

/* Begin PBXFrameworksBuildPhase section */
		CE704D9E1CA2824500098DE5 /* Frameworks */ = {
			isa = PBXFrameworksBuildPhase;
			buildActionMask = 2147483647;
			files = (
				258F2F7FAE10D0A470F913DC /* libPods-ObjCTraining.a in Frameworks */,
			);
			runOnlyForDeploymentPostprocessing = 0;
		};
		CE704DBA1CA2824700098DE5 /* Frameworks */ = {
			isa = PBXFrameworksBuildPhase;
			buildActionMask = 2147483647;
			files = (
			);
			runOnlyForDeploymentPostprocessing = 0;
		};
		CE704DC51CA2824700098DE5 /* Frameworks */ = {
			isa = PBXFrameworksBuildPhase;
			buildActionMask = 2147483647;
			files = (
			);
			runOnlyForDeploymentPostprocessing = 0;
		};
/* End PBXFrameworksBuildPhase section */

/* Begin PBXGroup section */
		1C6EB135E3FB25C643FF6A5B /* Pods */ = {
			isa = PBXGroup;
			children = (
				E7318DDDF6BCAD651D0EDE6B /* Pods-ObjCTraining.debug.xcconfig */,
				C935AEFB1D71811AE185E9FC /* Pods-ObjCTraining.release.xcconfig */,
			);
			name = Pods;
			sourceTree = "<group>";
		};
		CE704D981CA2824500098DE5 = {
			isa = PBXGroup;
			children = (
				CE4A94831CBD3A2B0086D75C /* OpenSans-Semibold.ttf */,
				CE4A94691CB7F08F0086D75C /* OpenSans-Regular.ttf */,
				CE704DA31CA2824600098DE5 /* ObjCTraining */,
				CE704DC01CA2824700098DE5 /* ObjCTrainingTests */,
				CE704DCB1CA2824700098DE5 /* ObjCTrainingUITests */,
				CE704DA21CA2824600098DE5 /* Products */,
				1C6EB135E3FB25C643FF6A5B /* Pods */,
				F7C2DBD71B3073BD9BAD5D90 /* Frameworks */,
			);
			sourceTree = "<group>";
		};
		CE704DA21CA2824600098DE5 /* Products */ = {
			isa = PBXGroup;
			children = (
				CE704DA11CA2824600098DE5 /* ObjCTraining.app */,
				CE704DBD1CA2824700098DE5 /* ObjCTrainingTests.xctest */,
				CE704DC81CA2824700098DE5 /* ObjCTrainingUITests.xctest */,
			);
			name = Products;
			sourceTree = "<group>";
		};
		CE704DA31CA2824600098DE5 /* ObjCTraining */ = {
			isa = PBXGroup;
			children = (
				A3A56BDC1CB2A6E700AAE832 /* ActivityFeedsDataSource.json */,
				CE704DE71CA401E600098DE5 /* Categories */,
				CE704DE31CA2C8CF00098DE5 /* Models */,
				CE704DE21CA2C8C100098DE5 /* Views */,
				CE704DE11CA2C8AA00098DE5 /* ViewControllers */,
				CE704DA71CA2824600098DE5 /* AppDelegate.h */,
				CE704DA81CA2824600098DE5 /* AppDelegate.m */,
				CE704DB01CA2824600098DE5 /* Main.storyboard */,
				CE704DB31CA2824600098DE5 /* Assets.xcassets */,
				CE704DB51CA2824600098DE5 /* LaunchScreen.storyboard */,
				CE704DB81CA2824600098DE5 /* Info.plist */,
				CE704DA41CA2824600098DE5 /* Supporting Files */,
			);
			path = ObjCTraining;
			sourceTree = "<group>";
		};
		CE704DA41CA2824600098DE5 /* Supporting Files */ = {
			isa = PBXGroup;
			children = (
				CE704DA51CA2824600098DE5 /* main.m */,
			);
			name = "Supporting Files";
			sourceTree = "<group>";
		};
		CE704DC01CA2824700098DE5 /* ObjCTrainingTests */ = {
			isa = PBXGroup;
			children = (
				CE704DC11CA2824700098DE5 /* ObjCTrainingTests.m */,
				CE704DC31CA2824700098DE5 /* Info.plist */,
			);
			path = ObjCTrainingTests;
			sourceTree = "<group>";
		};
		CE704DCB1CA2824700098DE5 /* ObjCTrainingUITests */ = {
			isa = PBXGroup;
			children = (
				CE704DCC1CA2824700098DE5 /* ObjCTrainingUITests.m */,
				CE704DCE1CA2824700098DE5 /* Info.plist */,
			);
			path = ObjCTrainingUITests;
			sourceTree = "<group>";
		};
		CE704DE11CA2C8AA00098DE5 /* ViewControllers */ = {
			isa = PBXGroup;
			children = (
				CE704DAA1CA2824600098DE5 /* AddPropertyViewController.h */,
				CE704DAB1CA2824600098DE5 /* AddPropertyViewController.m */,
				CE704DAD1CA2824600098DE5 /* SecondViewController.h */,
				CE704DAE1CA2824600098DE5 /* SecondViewController.m */,
				CE557E461CA5894100A5614B /* AddPropertyInfoViewController.h */,
				CE557E471CA5894100A5614B /* AddPropertyInfoViewController.m */,
				A370506A1CAC0A0600D4DE80 /* ContactUsViewController.h */,
				CE4A947D1CBBB4B80086D75C /* ContactListViewController.h */,
				CE4A947E1CBBB4B80086D75C /* ContactListViewController.m */,
				A370506B1CAC0A0600D4DE80 /* ContactUsViewController.m */,
				A36C1C511CAD5DC300F057B9 /* NotificationsViewController.h */,
				A36C1C521CAD5DC300F057B9 /* NotificationsViewController.m */,
				A3A56BD91CB2A0A500AAE832 /* ActivityFeedViewController.h */,
				A3A56BDA1CB2A0A500AAE832 /* ActivityFeedViewController.m */,
				CE4A94661CB7EE100086D75C /* ContactDetailsViewController.h */,
				CE4A94671CB7EE100086D75C /* ContactDetailsViewController.m */,
			);
			name = ViewControllers;
			sourceTree = "<group>";
		};
		CE704DE21CA2C8C100098DE5 /* Views */ = {
			isa = PBXGroup;
			children = (
				CEECE9021CB279C0005607EA /* ActivityFeedTableViewCell.h */,
				CE4A94711CBB9BD40086D75C /* ContactListTableViewCell.h */,
				CE4A94721CBB9BD40086D75C /* ContactListTableViewCell.m */,
				CE4A94731CBB9BD40086D75C /* ContactListTableViewCell.xib */,
				CEECE9031CB279C0005607EA /* ActivityFeedTableViewCell.m */,
				CEECE9041CB279C0005607EA /* ActivityFeedTableViewCell.xib */,
				A36C1C4C1CAD2CE500F057B9 /* StepProgressBar.h */,
				A36C1C4D1CAD2CE500F057B9 /* StepProgressBar.m */,
				CE704DDC1CA2A97A00098DE5 /* PropertyTableViewCell.h */,
				CE704DDD1CA2A97A00098DE5 /* PropertyTableViewCell.m */,
				CE704DDE1CA2A97A00098DE5 /* PropertyTableViewCell.xib */,
			);
			name = Views;
			sourceTree = "<group>";
		};
		CE704DE31CA2C8CF00098DE5 /* Models */ = {
			isa = PBXGroup;
			children = (
				CE704DE41CA2C90200098DE5 /* HouseTypeDescription.h */,
				CE704DE51CA2C90200098DE5 /* HouseTypeDescription.m */,
				CE704DEE1CA406D800098DE5 /* Property.h */,
				CE4A94791CBBAB270086D75C /* ContactInfo.h */,
				CEECE8FD1CB27494005607EA /* LCFeed.h */,
				CE4A94761CBBA9E80086D75C /* ContactItem.h */,
				CE4A94771CBBA9E80086D75C /* ContactItem.m */,
				CEECE8FE1CB27494005607EA /* LCFeed.m */,
			);
			name = Models;
			sourceTree = "<group>";
		};
		CE704DE71CA401E600098DE5 /* Categories */ = {
			isa = PBXGroup;
			children = (
				CE4A946B1CBB91850086D75C /* UIColor+LCAdditions.h */,
				CE4A946C1CBB91850086D75C /* UIColor+LCAdditions.m */,
				CE4A946D1CBB91850086D75C /* UIFont+LCAdditions.h */,
				CE4A946E1CBB91850086D75C /* UIFont+LCAdditions.m */,
				A34FED5C1CAA5AD70012FD7D /* NSString+CheckInput.h */,
				A34FED5D1CAA5AD70012FD7D /* NSString+CheckInput.m */,
				CE704DEB1CA4030500098DE5 /* PropertyTableViewCell+ConfigureForProperty.h */,
				CE704DEC1CA4030500098DE5 /* PropertyTableViewCell+ConfigureForProperty.m */,
				CE4A947A1CBBABF80086D75C /* ContactListTableViewCell+ConfigureForContactInfo.h */,
				CE4A947B1CBBABF80086D75C /* ContactListTableViewCell+ConfigureForContactInfo.m */,
				CEECE9071CB2849C005607EA /* ActivityFeedTableViewCell+ConfigureForFeed.h */,
				CEECE9081CB2849C005607EA /* ActivityFeedTableViewCell+ConfigureForFeed.m */,
				A36DED481CAE515C00A7CDC2 /* UIImageView+DrawShape.h */,
				A36DED491CAE515C00A7CDC2 /* UIImageView+DrawShape.m */,
			);
			name = Categories;
			sourceTree = "<group>";
		};
		F7C2DBD71B3073BD9BAD5D90 /* Frameworks */ = {
			isa = PBXGroup;
			children = (
				0032271DD2E39666163B6AC7 /* libPods-ObjCTraining.a */,
			);
			name = Frameworks;
			sourceTree = "<group>";
		};
/* End PBXGroup section */

/* Begin PBXNativeTarget section */
		CE704DA01CA2824500098DE5 /* ObjCTraining */ = {
			isa = PBXNativeTarget;
			buildConfigurationList = CE704DD11CA2824700098DE5 /* Build configuration list for PBXNativeTarget "ObjCTraining" */;
			buildPhases = (
				EE88257B956B34D9CCC65AFB /* Check Pods Manifest.lock */,
				CE704D9D1CA2824500098DE5 /* Sources */,
				CE704D9E1CA2824500098DE5 /* Frameworks */,
				CE704D9F1CA2824500098DE5 /* Resources */,
				5E6DFC7A97DA19A6B86D2360 /* Embed Pods Frameworks */,
				D671EE262F79E6457174A66D /* Copy Pods Resources */,
			);
			buildRules = (
			);
			dependencies = (
			);
			name = ObjCTraining;
			productName = ObjCTraining;
			productReference = CE704DA11CA2824600098DE5 /* ObjCTraining.app */;
			productType = "com.apple.product-type.application";
		};
		CE704DBC1CA2824700098DE5 /* ObjCTrainingTests */ = {
			isa = PBXNativeTarget;
			buildConfigurationList = CE704DD41CA2824700098DE5 /* Build configuration list for PBXNativeTarget "ObjCTrainingTests" */;
			buildPhases = (
				CE704DB91CA2824700098DE5 /* Sources */,
				CE704DBA1CA2824700098DE5 /* Frameworks */,
				CE704DBB1CA2824700098DE5 /* Resources */,
			);
			buildRules = (
			);
			dependencies = (
				CE704DBF1CA2824700098DE5 /* PBXTargetDependency */,
			);
			name = ObjCTrainingTests;
			productName = ObjCTrainingTests;
			productReference = CE704DBD1CA2824700098DE5 /* ObjCTrainingTests.xctest */;
			productType = "com.apple.product-type.bundle.unit-test";
		};
		CE704DC71CA2824700098DE5 /* ObjCTrainingUITests */ = {
			isa = PBXNativeTarget;
			buildConfigurationList = CE704DD71CA2824700098DE5 /* Build configuration list for PBXNativeTarget "ObjCTrainingUITests" */;
			buildPhases = (
				CE704DC41CA2824700098DE5 /* Sources */,
				CE704DC51CA2824700098DE5 /* Frameworks */,
				CE704DC61CA2824700098DE5 /* Resources */,
			);
			buildRules = (
			);
			dependencies = (
				CE704DCA1CA2824700098DE5 /* PBXTargetDependency */,
			);
			name = ObjCTrainingUITests;
			productName = ObjCTrainingUITests;
			productReference = CE704DC81CA2824700098DE5 /* ObjCTrainingUITests.xctest */;
			productType = "com.apple.product-type.bundle.ui-testing";
		};
/* End PBXNativeTarget section */

/* Begin PBXProject section */
		CE704D991CA2824500098DE5 /* Project object */ = {
			isa = PBXProject;
			attributes = {
				LastUpgradeCheck = 0720;
				ORGANIZATIONNAME = RWuser;
				TargetAttributes = {
					CE704DA01CA2824500098DE5 = {
						CreatedOnToolsVersion = 7.2;
					};
					CE704DBC1CA2824700098DE5 = {
						CreatedOnToolsVersion = 7.2;
						TestTargetID = CE704DA01CA2824500098DE5;
					};
					CE704DC71CA2824700098DE5 = {
						CreatedOnToolsVersion = 7.2;
						TestTargetID = CE704DA01CA2824500098DE5;
					};
				};
			};
			buildConfigurationList = CE704D9C1CA2824500098DE5 /* Build configuration list for PBXProject "ObjCTraining" */;
			compatibilityVersion = "Xcode 3.2";
			developmentRegion = English;
			hasScannedForEncodings = 0;
			knownRegions = (
				en,
				Base,
			);
			mainGroup = CE704D981CA2824500098DE5;
			productRefGroup = CE704DA21CA2824600098DE5 /* Products */;
			projectDirPath = "";
			projectRoot = "";
			targets = (
				CE704DA01CA2824500098DE5 /* ObjCTraining */,
				CE704DBC1CA2824700098DE5 /* ObjCTrainingTests */,
				CE704DC71CA2824700098DE5 /* ObjCTrainingUITests */,
			);
		};
/* End PBXProject section */

/* Begin PBXResourcesBuildPhase section */
		CE704D9F1CA2824500098DE5 /* Resources */ = {
			isa = PBXResourcesBuildPhase;
			buildActionMask = 2147483647;
			files = (
				CE4A94841CBD3A2B0086D75C /* OpenSans-Semibold.ttf in Resources */,
				CE4A94751CBB9BD40086D75C /* ContactListTableViewCell.xib in Resources */,
				CE704DB71CA2824600098DE5 /* LaunchScreen.storyboard in Resources */,
				A3A56BDD1CB2A6E700AAE832 /* ActivityFeedsDataSource.json in Resources */,
				CE704DB41CA2824600098DE5 /* Assets.xcassets in Resources */,
				CE704DB21CA2824600098DE5 /* Main.storyboard in Resources */,
				CEECE9061CB279C0005607EA /* ActivityFeedTableViewCell.xib in Resources */,
				CE704DE01CA2A97A00098DE5 /* PropertyTableViewCell.xib in Resources */,
				CE4A946A1CB7F08F0086D75C /* OpenSans-Regular.ttf in Resources */,
			);
			runOnlyForDeploymentPostprocessing = 0;
		};
		CE704DBB1CA2824700098DE5 /* Resources */ = {
			isa = PBXResourcesBuildPhase;
			buildActionMask = 2147483647;
			files = (
			);
			runOnlyForDeploymentPostprocessing = 0;
		};
		CE704DC61CA2824700098DE5 /* Resources */ = {
			isa = PBXResourcesBuildPhase;
			buildActionMask = 2147483647;
			files = (
			);
			runOnlyForDeploymentPostprocessing = 0;
		};
/* End PBXResourcesBuildPhase section */

/* Begin PBXShellScriptBuildPhase section */
		5E6DFC7A97DA19A6B86D2360 /* Embed Pods Frameworks */ = {
			isa = PBXShellScriptBuildPhase;
			buildActionMask = 2147483647;
			files = (
			);
			inputPaths = (
			);
			name = "Embed Pods Frameworks";
			outputPaths = (
			);
			runOnlyForDeploymentPostprocessing = 0;
			shellPath = /bin/sh;
			shellScript = "\"${SRCROOT}/Pods/Target Support Files/Pods-ObjCTraining/Pods-ObjCTraining-frameworks.sh\"\n";
			showEnvVarsInLog = 0;
		};
		D671EE262F79E6457174A66D /* Copy Pods Resources */ = {
			isa = PBXShellScriptBuildPhase;
			buildActionMask = 2147483647;
			files = (
			);
			inputPaths = (
			);
			name = "Copy Pods Resources";
			outputPaths = (
			);
			runOnlyForDeploymentPostprocessing = 0;
			shellPath = /bin/sh;
			shellScript = "\"${SRCROOT}/Pods/Target Support Files/Pods-ObjCTraining/Pods-ObjCTraining-resources.sh\"\n";
			showEnvVarsInLog = 0;
		};
		EE88257B956B34D9CCC65AFB /* Check Pods Manifest.lock */ = {
			isa = PBXShellScriptBuildPhase;
			buildActionMask = 2147483647;
			files = (
			);
			inputPaths = (
			);
			name = "Check Pods Manifest.lock";
			outputPaths = (
			);
			runOnlyForDeploymentPostprocessing = 0;
			shellPath = /bin/sh;
			shellScript = "diff \"${PODS_ROOT}/../Podfile.lock\" \"${PODS_ROOT}/Manifest.lock\" > /dev/null\nif [[ $? != 0 ]] ; then\n    cat << EOM\nerror: The sandbox is not in sync with the Podfile.lock. Run 'pod install' or update your CocoaPods installation.\nEOM\n    exit 1\nfi\n";
			showEnvVarsInLog = 0;
		};
/* End PBXShellScriptBuildPhase section */

/* Begin PBXSourcesBuildPhase section */
		CE704D9D1CA2824500098DE5 /* Sources */ = {
			isa = PBXSourcesBuildPhase;
			buildActionMask = 2147483647;
			files = (
				CE4A947C1CBBABF80086D75C /* ContactListTableViewCell+ConfigureForContactInfo.m in Sources */,
				CE704DAF1CA2824600098DE5 /* SecondViewController.m in Sources */,
				CE704DE61CA2C90200098DE5 /* HouseTypeDescription.m in Sources */,
				A36C1C4E1CAD2CE500F057B9 /* StepProgressBar.m in Sources */,
				CE704DA91CA2824600098DE5 /* AppDelegate.m in Sources */,
				A3A56BDB1CB2A0A500AAE832 /* ActivityFeedViewController.m in Sources */,
				CE4A94781CBBA9E80086D75C /* ContactItem.m in Sources */,
				CEECE9091CB2849C005607EA /* ActivityFeedTableViewCell+ConfigureForFeed.m in Sources */,
				CE557E481CA5894100A5614B /* AddPropertyInfoViewController.m in Sources */,
				A36C1C531CAD5DC300F057B9 /* NotificationsViewController.m in Sources */,
				CE704DED1CA4030500098DE5 /* PropertyTableViewCell+ConfigureForProperty.m in Sources */,
				A370506C1CAC0A0600D4DE80 /* ContactUsViewController.m in Sources */,
				CE704DDF1CA2A97A00098DE5 /* PropertyTableViewCell.m in Sources */,
				CE4A947F1CBBB4B80086D75C /* ContactListViewController.m in Sources */,
				CE704DAC1CA2824600098DE5 /* AddPropertyViewController.m in Sources */,
				CE4A94741CBB9BD40086D75C /* ContactListTableViewCell.m in Sources */,
				CE4A946F1CBB91850086D75C /* UIColor+LCAdditions.m in Sources */,
				CE4A94701CBB91850086D75C /* UIFont+LCAdditions.m in Sources */,
				A36DED4A1CAE515C00A7CDC2 /* UIImageView+DrawShape.m in Sources */,
				CE704DA61CA2824600098DE5 /* main.m in Sources */,
				CEECE8FF1CB27494005607EA /* LCFeed.m in Sources */,
				A34FED5E1CAA5AD70012FD7D /* NSString+CheckInput.m in Sources */,
				CE4A94681CB7EE100086D75C /* ContactDetailsViewController.m in Sources */,
				CEECE9051CB279C0005607EA /* ActivityFeedTableViewCell.m in Sources */,
			);
			runOnlyForDeploymentPostprocessing = 0;
		};
		CE704DB91CA2824700098DE5 /* Sources */ = {
			isa = PBXSourcesBuildPhase;
			buildActionMask = 2147483647;
			files = (
				CE704DC21CA2824700098DE5 /* ObjCTrainingTests.m in Sources */,
			);
			runOnlyForDeploymentPostprocessing = 0;
		};
		CE704DC41CA2824700098DE5 /* Sources */ = {
			isa = PBXSourcesBuildPhase;
			buildActionMask = 2147483647;
			files = (
				CE704DCD1CA2824700098DE5 /* ObjCTrainingUITests.m in Sources */,
			);
			runOnlyForDeploymentPostprocessing = 0;
		};
/* End PBXSourcesBuildPhase section */

/* Begin PBXTargetDependency section */
		CE704DBF1CA2824700098DE5 /* PBXTargetDependency */ = {
			isa = PBXTargetDependency;
			target = CE704DA01CA2824500098DE5 /* ObjCTraining */;
			targetProxy = CE704DBE1CA2824700098DE5 /* PBXContainerItemProxy */;
		};
		CE704DCA1CA2824700098DE5 /* PBXTargetDependency */ = {
			isa = PBXTargetDependency;
			target = CE704DA01CA2824500098DE5 /* ObjCTraining */;
			targetProxy = CE704DC91CA2824700098DE5 /* PBXContainerItemProxy */;
		};
/* End PBXTargetDependency section */

/* Begin PBXVariantGroup section */
		CE704DB01CA2824600098DE5 /* Main.storyboard */ = {
			isa = PBXVariantGroup;
			children = (
				CE704DB11CA2824600098DE5 /* Base */,
			);
			name = Main.storyboard;
			sourceTree = "<group>";
		};
		CE704DB51CA2824600098DE5 /* LaunchScreen.storyboard */ = {
			isa = PBXVariantGroup;
			children = (
				CE704DB61CA2824600098DE5 /* Base */,
			);
			name = LaunchScreen.storyboard;
			sourceTree = "<group>";
		};
/* End PBXVariantGroup section */

/* Begin XCBuildConfiguration section */
		CE704DCF1CA2824700098DE5 /* Debug */ = {
			isa = XCBuildConfiguration;
			buildSettings = {
				ALWAYS_SEARCH_USER_PATHS = NO;
				CLANG_CXX_LANGUAGE_STANDARD = "gnu++0x";
				CLANG_CXX_LIBRARY = "libc++";
				CLANG_ENABLE_MODULES = YES;
				CLANG_ENABLE_OBJC_ARC = YES;
				CLANG_WARN_BOOL_CONVERSION = YES;
				CLANG_WARN_CONSTANT_CONVERSION = YES;
				CLANG_WARN_DIRECT_OBJC_ISA_USAGE = YES_ERROR;
				CLANG_WARN_EMPTY_BODY = YES;
				CLANG_WARN_ENUM_CONVERSION = YES;
				CLANG_WARN_INT_CONVERSION = YES;
				CLANG_WARN_OBJC_ROOT_CLASS = YES_ERROR;
				CLANG_WARN_UNREACHABLE_CODE = YES;
				CLANG_WARN__DUPLICATE_METHOD_MATCH = YES;
				"CODE_SIGN_IDENTITY[sdk=iphoneos*]" = "iPhone Developer";
				COPY_PHASE_STRIP = NO;
				DEBUG_INFORMATION_FORMAT = dwarf;
				ENABLE_STRICT_OBJC_MSGSEND = YES;
				ENABLE_TESTABILITY = YES;
				GCC_C_LANGUAGE_STANDARD = gnu99;
				GCC_DYNAMIC_NO_PIC = NO;
				GCC_NO_COMMON_BLOCKS = YES;
				GCC_OPTIMIZATION_LEVEL = 0;
				GCC_PREPROCESSOR_DEFINITIONS = (
					"DEBUG=1",
					"$(inherited)",
				);
				GCC_WARN_64_TO_32_BIT_CONVERSION = YES;
				GCC_WARN_ABOUT_RETURN_TYPE = YES_ERROR;
				GCC_WARN_UNDECLARED_SELECTOR = YES;
				GCC_WARN_UNINITIALIZED_AUTOS = YES_AGGRESSIVE;
				GCC_WARN_UNUSED_FUNCTION = YES;
				GCC_WARN_UNUSED_VARIABLE = YES;
				IPHONEOS_DEPLOYMENT_TARGET = 9.2;
				MTL_ENABLE_DEBUG_INFO = YES;
				ONLY_ACTIVE_ARCH = YES;
				SDKROOT = iphoneos;
				TARGETED_DEVICE_FAMILY = "1,2";
			};
			name = Debug;
		};
		CE704DD01CA2824700098DE5 /* Release */ = {
			isa = XCBuildConfiguration;
			buildSettings = {
				ALWAYS_SEARCH_USER_PATHS = NO;
				CLANG_CXX_LANGUAGE_STANDARD = "gnu++0x";
				CLANG_CXX_LIBRARY = "libc++";
				CLANG_ENABLE_MODULES = YES;
				CLANG_ENABLE_OBJC_ARC = YES;
				CLANG_WARN_BOOL_CONVERSION = YES;
				CLANG_WARN_CONSTANT_CONVERSION = YES;
				CLANG_WARN_DIRECT_OBJC_ISA_USAGE = YES_ERROR;
				CLANG_WARN_EMPTY_BODY = YES;
				CLANG_WARN_ENUM_CONVERSION = YES;
				CLANG_WARN_INT_CONVERSION = YES;
				CLANG_WARN_OBJC_ROOT_CLASS = YES_ERROR;
				CLANG_WARN_UNREACHABLE_CODE = YES;
				CLANG_WARN__DUPLICATE_METHOD_MATCH = YES;
				"CODE_SIGN_IDENTITY[sdk=iphoneos*]" = "iPhone Developer";
				COPY_PHASE_STRIP = NO;
				DEBUG_INFORMATION_FORMAT = "dwarf-with-dsym";
				ENABLE_NS_ASSERTIONS = NO;
				ENABLE_STRICT_OBJC_MSGSEND = YES;
				GCC_C_LANGUAGE_STANDARD = gnu99;
				GCC_NO_COMMON_BLOCKS = YES;
				GCC_WARN_64_TO_32_BIT_CONVERSION = YES;
				GCC_WARN_ABOUT_RETURN_TYPE = YES_ERROR;
				GCC_WARN_UNDECLARED_SELECTOR = YES;
				GCC_WARN_UNINITIALIZED_AUTOS = YES_AGGRESSIVE;
				GCC_WARN_UNUSED_FUNCTION = YES;
				GCC_WARN_UNUSED_VARIABLE = YES;
				IPHONEOS_DEPLOYMENT_TARGET = 9.2;
				MTL_ENABLE_DEBUG_INFO = NO;
				SDKROOT = iphoneos;
				TARGETED_DEVICE_FAMILY = "1,2";
				VALIDATE_PRODUCT = YES;
			};
			name = Release;
		};
		CE704DD21CA2824700098DE5 /* Debug */ = {
			isa = XCBuildConfiguration;
			baseConfigurationReference = E7318DDDF6BCAD651D0EDE6B /* Pods-ObjCTraining.debug.xcconfig */;
			buildSettings = {
				ASSETCATALOG_COMPILER_APPICON_NAME = AppIcon;
				INFOPLIST_FILE = ObjCTraining/Info.plist;
				IPHONEOS_DEPLOYMENT_TARGET = 8.0;
				LD_RUNPATH_SEARCH_PATHS = "$(inherited) @executable_path/Frameworks";
				PRODUCT_BUNDLE_IDENTIFIER = com.weezlabs.ObjCTraining;
				PRODUCT_NAME = "$(TARGET_NAME)";
			};
			name = Debug;
		};
		CE704DD31CA2824700098DE5 /* Release */ = {
			isa = XCBuildConfiguration;
			baseConfigurationReference = C935AEFB1D71811AE185E9FC /* Pods-ObjCTraining.release.xcconfig */;
			buildSettings = {
				ASSETCATALOG_COMPILER_APPICON_NAME = AppIcon;
				INFOPLIST_FILE = ObjCTraining/Info.plist;
				IPHONEOS_DEPLOYMENT_TARGET = 8.0;
				LD_RUNPATH_SEARCH_PATHS = "$(inherited) @executable_path/Frameworks";
				PRODUCT_BUNDLE_IDENTIFIER = com.weezlabs.ObjCTraining;
				PRODUCT_NAME = "$(TARGET_NAME)";
			};
			name = Release;
		};
		CE704DD51CA2824700098DE5 /* Debug */ = {
			isa = XCBuildConfiguration;
			buildSettings = {
				BUNDLE_LOADER = "$(TEST_HOST)";
				INFOPLIST_FILE = ObjCTrainingTests/Info.plist;
				LD_RUNPATH_SEARCH_PATHS = "$(inherited) @executable_path/Frameworks @loader_path/Frameworks";
				PRODUCT_BUNDLE_IDENTIFIER = com.weezlabs.ObjCTrainingTests;
				PRODUCT_NAME = "$(TARGET_NAME)";
				TEST_HOST = "$(BUILT_PRODUCTS_DIR)/ObjCTraining.app/ObjCTraining";
			};
			name = Debug;
		};
		CE704DD61CA2824700098DE5 /* Release */ = {
			isa = XCBuildConfiguration;
			buildSettings = {
				BUNDLE_LOADER = "$(TEST_HOST)";
				INFOPLIST_FILE = ObjCTrainingTests/Info.plist;
				LD_RUNPATH_SEARCH_PATHS = "$(inherited) @executable_path/Frameworks @loader_path/Frameworks";
				PRODUCT_BUNDLE_IDENTIFIER = com.weezlabs.ObjCTrainingTests;
				PRODUCT_NAME = "$(TARGET_NAME)";
				TEST_HOST = "$(BUILT_PRODUCTS_DIR)/ObjCTraining.app/ObjCTraining";
			};
			name = Release;
		};
		CE704DD81CA2824700098DE5 /* Debug */ = {
			isa = XCBuildConfiguration;
			buildSettings = {
				INFOPLIST_FILE = ObjCTrainingUITests/Info.plist;
				LD_RUNPATH_SEARCH_PATHS = "$(inherited) @executable_path/Frameworks @loader_path/Frameworks";
				PRODUCT_BUNDLE_IDENTIFIER = com.weezlabs.ObjCTrainingUITests;
				PRODUCT_NAME = "$(TARGET_NAME)";
				TEST_TARGET_NAME = ObjCTraining;
				USES_XCTRUNNER = YES;
			};
			name = Debug;
		};
		CE704DD91CA2824700098DE5 /* Release */ = {
			isa = XCBuildConfiguration;
			buildSettings = {
				INFOPLIST_FILE = ObjCTrainingUITests/Info.plist;
				LD_RUNPATH_SEARCH_PATHS = "$(inherited) @executable_path/Frameworks @loader_path/Frameworks";
				PRODUCT_BUNDLE_IDENTIFIER = com.weezlabs.ObjCTrainingUITests;
				PRODUCT_NAME = "$(TARGET_NAME)";
				TEST_TARGET_NAME = ObjCTraining;
				USES_XCTRUNNER = YES;
			};
			name = Release;
		};
/* End XCBuildConfiguration section */

/* Begin XCConfigurationList section */
		CE704D9C1CA2824500098DE5 /* Build configuration list for PBXProject "ObjCTraining" */ = {
			isa = XCConfigurationList;
			buildConfigurations = (
				CE704DCF1CA2824700098DE5 /* Debug */,
				CE704DD01CA2824700098DE5 /* Release */,
			);
			defaultConfigurationIsVisible = 0;
			defaultConfigurationName = Release;
		};
		CE704DD11CA2824700098DE5 /* Build configuration list for PBXNativeTarget "ObjCTraining" */ = {
			isa = XCConfigurationList;
			buildConfigurations = (
				CE704DD21CA2824700098DE5 /* Debug */,
				CE704DD31CA2824700098DE5 /* Release */,
			);
			defaultConfigurationIsVisible = 0;
			defaultConfigurationName = Release;
		};
		CE704DD41CA2824700098DE5 /* Build configuration list for PBXNativeTarget "ObjCTrainingTests" */ = {
			isa = XCConfigurationList;
			buildConfigurations = (
				CE704DD51CA2824700098DE5 /* Debug */,
				CE704DD61CA2824700098DE5 /* Release */,
			);
			defaultConfigurationIsVisible = 0;
			defaultConfigurationName = Release;
		};
		CE704DD71CA2824700098DE5 /* Build configuration list for PBXNativeTarget "ObjCTrainingUITests" */ = {
			isa = XCConfigurationList;
			buildConfigurations = (
				CE704DD81CA2824700098DE5 /* Debug */,
				CE704DD91CA2824700098DE5 /* Release */,
			);
			defaultConfigurationIsVisible = 0;
			defaultConfigurationName = Release;
		};
/* End XCConfigurationList section */
	};
	rootObject = CE704D991CA2824500098DE5 /* Project object */;
}
